
Microsoft Visual Studio Solution File, Format Version 11.00
# Visual Studio 2010
Project("{FAE04EC0-301F-11D3-BF4B-00C04F79EFBC}") = "Assembly-CSharp", "Assembly-CSharp.csproj", "{06c940cb-c3c6-8572-de04-e884a1f2834f}"
EndProject
Project("{FAE04EC0-301F-11D3-BF4B-00C04F79EFBC}") = "Assembly-CSharp-firstpass", "Assembly-CSharp-firstpass.csproj", "{29f75865-cc18-3add-95d3-a2b3665a6e7b}"
EndProject
Project("{FAE04EC0-301F-11D3-BF4B-00C04F79EFBC}") = "Assembly-CSharp-Editor", "Assembly-CSharp-Editor.csproj", "{f5eca52e-6931-5c5d-5d1e-f341058c8993}"
EndProject
Global
	GlobalSection(SolutionConfigurationPlatforms) = preSolution
		Debug|Any CPU = Debug|Any CPU
	EndGlobalSection
	GlobalSection(ProjectConfigurationPlatforms) = postSolution
		{06c940cb-c3c6-8572-de04-e884a1f2834f}.Debug|Any CPU.ActiveCfg = Debug|Any CPU
		{06c940cb-c3c6-8572-de04-e884a1f2834f}.Debug|Any CPU.Build.0 = Debug|Any CPU
		{29f75865-cc18-3add-95d3-a2b3665a6e7b}.Debug|Any CPU.ActiveCfg = Debug|Any CPU
		{29f75865-cc18-3add-95d3-a2b3665a6e7b}.Debug|Any CPU.Build.0 = Debug|Any CPU
		{f5eca52e-6931-5c5d-5d1e-f341058c8993}.Debug|Any CPU.ActiveCfg = Debug|Any CPU
		{f5eca52e-6931-5c5d-5d1e-f341058c8993}.Debug|Any CPU.Build.0 = Debug|Any CPU
	EndGlobalSection
	GlobalSection(SolutionProperties) = preSolution
		HideSolutionNode = FALSE
	EndGlobalSection
EndGlobal
